
Microsoft Visual Studio Solution File, Format Version 12.00
# Visual Studio Version 16
VisualStudioVersion = 16.0.29215.179
MinimumVisualStudioVersion = 10.0.40219.1
Project("{2150E333-8FDC-42A3-9474-1A3956D46DE8}") = "UI", "UI", "{0FE7557F-D8AF-499C-8DB8-033C1407C515}"
EndProject
Project("{2150E333-8FDC-42A3-9474-1A3956D46DE8}") = "BLL", "BLL", "{B336C0A9-D879-4BD8-A81E-97BBF3ECFCFD}"
EndProject
Project("{2150E333-8FDC-42A3-9474-1A3956D46DE8}") = "DAL", "DAL", "{FA55E278-0EA5-4446-8A70-94C9CF28BD20}"
EndProject
Project("{2150E333-8FDC-42A3-9474-1A3956D46DE8}") = "Model", "Model", "{E03EFA59-D7DE-46C5-A3E7-050FB675A582}"
EndProject
Project("{FAE04EC0-301F-11D3-BF4B-00C04F79EFBC}") = "Company.BLL", "Company.BLL\Company.BLL.csproj", "{23D1BAD4-ADC1-430C-92C8-03FDB5FCEB59}"
EndProject
Project("{FAE04EC0-301F-11D3-BF4B-00C04F79EFBC}") = "Company.IBLL", "Company.IBLL\Company.IBLL.csproj", "{0DFC94DA-ABD5-4DED-9928-512B8DB1207B}"
EndProject
Project("{FAE04EC0-301F-11D3-BF4B-00C04F79EFBC}") = "Company.BLLContainer", "Company.BLLContainer\Company.BLLContainer.csproj", "{F2219214-1CB3-45DF-A65C-E7BC2F1E99B5}"
EndProject
Project("{FAE04EC0-301F-11D3-BF4B-00C04F79EFBC}") = "Company.DAL", "Company.DAL\Company.DAL.csproj", "{7C148045-99C8-4851-97E9-6C81545F1646}"
EndProject
Project("{FAE04EC0-301F-11D3-BF4B-00C04F79EFBC}") = "Company.IDAL", "Company.IDAL\Company.IDAL.csproj", "{1F61640E-892E-4892-80D5-D7DAC71CE3F2}"
EndProject
Project("{FAE04EC0-301F-11D3-BF4B-00C04F79EFBC}") = "Company.DALContainer", "Company.DALContainer\Company.DALContainer.csproj", "{39216FAF-2F69-4114-ACE8-88D562389735}"
EndProject
Project("{FAE04EC0-301F-11D3-BF4B-00C04F79EFBC}") = "Company.Model", "Company.Model\Company.Model.csproj", "{AAFD4CBB-543B-47AB-9DCD-626D5595ABFB}"
EndProject
Project("{FAE04EC0-301F-11D3-BF4B-00C04F79EFBC}") = "Company.UI", "Company.UI\Company.UI.csproj", "{57069CAC-0A24-45A8-9341-7E514CB6DCB5}"
EndProject
Project("{2150E333-8FDC-42A3-9474-1A3956D46DE8}") = "MvcEfRedisMongdb", "MvcEfRedisMongdb", "{F92A2875-12E8-468B-B83B-02ED95743A69}"
EndProject
Project("{2150E333-8FDC-42A3-9474-1A3956D46DE8}") = "Container", "Container", "{7DBB662D-45F0-4B62-B728-7C8C9312BAA0}"
EndProject
Global
	GlobalSection(SolutionConfigurationPlatforms) = preSolution
		Debug|Any CPU = Debug|Any CPU
		Release|Any CPU = Release|Any CPU
	EndGlobalSection
	GlobalSection(ProjectConfigurationPlatforms) = postSolution
		{23D1BAD4-ADC1-430C-92C8-03FDB5FCEB59}.Debug|Any CPU.ActiveCfg = Debug|Any CPU
		{23D1BAD4-ADC1-430C-92C8-03FDB5FCEB59}.Debug|Any CPU.Build.0 = Debug|Any CPU
		{23D1BAD4-ADC1-430C-92C8-03FDB5FCEB59}.Release|Any CPU.ActiveCfg = Release|Any CPU
		{23D1BAD4-ADC1-430C-92C8-03FDB5FCEB59}.Release|Any CPU.Build.0 = Release|Any CPU
		{0DFC94DA-ABD5-4DED-9928-512B8DB1207B}.Debug|Any CPU.ActiveCfg = Debug|Any CPU
		{0DFC94DA-ABD5-4DED-9928-512B8DB1207B}.Debug|Any CPU.Build.0 = Debug|Any CPU
		{0DFC94DA-ABD5-4DED-9928-512B8DB1207B}.Release|Any CPU.ActiveCfg = Release|Any CPU
		{0DFC94DA-ABD5-4DED-9928-512B8DB1207B}.Release|Any CPU.Build.0 = Release|Any CPU
		{F2219214-1CB3-45DF-A65C-E7BC2F1E99B5}.Debug|Any CPU.ActiveCfg = Debug|Any CPU
		{F2219214-1CB3-45DF-A65C-E7BC2F1E99B5}.Debug|Any CPU.Build.0 = Debug|Any CPU
		{F2219214-1CB3-45DF-A65C-E7BC2F1E99B5}.Release|Any CPU.ActiveCfg = Release|Any CPU
		{F2219214-1CB3-45DF-A65C-E7BC2F1E99B5}.Release|Any CPU.Build.0 = Release|Any CPU
		{7C148045-99C8-4851-97E9-6C81545F1646}.Debug|Any CPU.ActiveCfg = Debug|Any CPU
		{7C148045-99C8-4851-97E9-6C81545F1646}.Debug|Any CPU.Build.0 = Debug|Any CPU
		{7C148045-99C8-4851-97E9-6C81545F1646}.Release|Any CPU.ActiveCfg = Release|Any CPU
		{7C148045-99C8-4851-97E9-6C81545F1646}.Release|Any CPU.Build.0 = Release|Any CPU
		{1F61640E-892E-4892-80D5-D7DAC71CE3F2}.Debug|Any CPU.ActiveCfg = Debug|Any CPU
		{1F61640E-892E-4892-80D5-D7DAC71CE3F2}.Debug|Any CPU.Build.0 = Debug|Any CPU
		{1F61640E-892E-4892-80D5-D7DAC71CE3F2}.Release|Any CPU.ActiveCfg = Release|Any CPU
		{1F61640E-892E-4892-80D5-D7DAC71CE3F2}.Release|Any CPU.Build.0 = Release|Any CPU
		{39216FAF-2F69-4114-ACE8-88D562389735}.Debug|Any CPU.ActiveCfg = Debug|Any CPU
		{39216FAF-2F69-4114-ACE8-88D562389735}.Debug|Any CPU.Build.0 = Debug|Any CPU
		{39216FAF-2F69-4114-ACE8-88D562389735}.Release|Any CPU.ActiveCfg = Release|Any CPU
		{39216FAF-2F69-4114-ACE8-88D562389735}.Release|Any CPU.Build.0 = Release|Any CPU
		{AAFD4CBB-543B-47AB-9DCD-626D5595ABFB}.Debug|Any CPU.ActiveCfg = Debug|Any CPU
		{AAFD4CBB-543B-47AB-9DCD-626D5595ABFB}.Debug|Any CPU.Build.0 = Debug|Any CPU
		{AAFD4CBB-543B-47AB-9DCD-626D5595ABFB}.Release|Any CPU.ActiveCfg = Release|Any CPU
		{AAFD4CBB-543B-47AB-9DCD-626D5595ABFB}.Release|Any CPU.Build.0 = Release|Any CPU
		{57069CAC-0A24-45A8-9341-7E514CB6DCB5}.Debug|Any CPU.ActiveCfg = Debug|Any CPU
		{57069CAC-0A24-45A8-9341-7E514CB6DCB5}.Debug|Any CPU.Build.0 = Debug|Any CPU
		{57069CAC-0A24-45A8-9341-7E514CB6DCB5}.Release|Any CPU.ActiveCfg = Release|Any CPU
		{57069CAC-0A24-45A8-9341-7E514CB6DCB5}.Release|Any CPU.Build.0 = Release|Any CPU
	EndGlobalSection
	GlobalSection(SolutionProperties) = preSolution
		HideSolutionNode = FALSE
	EndGlobalSection
	GlobalSection(NestedProjects) = preSolution
		{0FE7557F-D8AF-499C-8DB8-033C1407C515} = {7DBB662D-45F0-4B62-B728-7C8C9312BAA0}
		{B336C0A9-D879-4BD8-A81E-97BBF3ECFCFD} = {7DBB662D-45F0-4B62-B728-7C8C9312BAA0}
		{FA55E278-0EA5-4446-8A70-94C9CF28BD20} = {7DBB662D-45F0-4B62-B728-7C8C9312BAA0}
		{E03EFA59-D7DE-46C5-A3E7-050FB675A582} = {7DBB662D-45F0-4B62-B728-7C8C9312BAA0}
		{23D1BAD4-ADC1-430C-92C8-03FDB5FCEB59} = {B336C0A9-D879-4BD8-A81E-97BBF3ECFCFD}
		{0DFC94DA-ABD5-4DED-9928-512B8DB1207B} = {B336C0A9-D879-4BD8-A81E-97BBF3ECFCFD}
		{F2219214-1CB3-45DF-A65C-E7BC2F1E99B5} = {B336C0A9-D879-4BD8-A81E-97BBF3ECFCFD}
		{7C148045-99C8-4851-97E9-6C81545F1646} = {FA55E278-0EA5-4446-8A70-94C9CF28BD20}
		{1F61640E-892E-4892-80D5-D7DAC71CE3F2} = {FA55E278-0EA5-4446-8A70-94C9CF28BD20}
		{39216FAF-2F69-4114-ACE8-88D562389735} = {FA55E278-0EA5-4446-8A70-94C9CF28BD20}
		{AAFD4CBB-543B-47AB-9DCD-626D5595ABFB} = {E03EFA59-D7DE-46C5-A3E7-050FB675A582}
		{57069CAC-0A24-45A8-9341-7E514CB6DCB5} = {0FE7557F-D8AF-499C-8DB8-033C1407C515}
	EndGlobalSection
	GlobalSection(ExtensibilityGlobals) = postSolution
		SolutionGuid = {FD72F2A1-3709-4966-B079-E17D2A6F1E70}
	EndGlobalSection
EndGlobal
